
Microsoft Visual Studio Solution File, Format Version 12.00
# Visual Studio Version 17
VisualStudioVersion = 17.9.34902.65
MinimumVisualStudioVersion = 10.0.40219.1
Project("{FAE04EC0-301F-11D3-BF4B-00C04F79EFBC}") = "Login Screen", "Login Screen\Login Screen.csproj", "{774C9D71-CF90-4EB4-ADCC-3EB966ABACA1}"
EndProject
Global
	GlobalSection(SolutionConfigurationPlatforms) = preSolution
		Debug|Any CPU = Debug|Any CPU
		Release|Any CPU = Release|Any CPU
	EndGlobalSection
	GlobalSection(ProjectConfigurationPlatforms) = postSolution
		{774C9D71-CF90-4EB4-ADCC-3EB966ABACA1}.Debug|Any CPU.ActiveCfg = Debug|Any CPU
		{774C9D71-CF90-4EB4-ADCC-3EB966ABACA1}.Debug|Any CPU.Build.0 = Debug|Any CPU
		{774C9D71-CF90-4EB4-ADCC-3EB966ABACA1}.Release|Any CPU.ActiveCfg = Release|Any CPU
		{774C9D71-CF90-4EB4-ADCC-3EB966ABACA1}.Release|Any CPU.Build.0 = Release|Any CPU
	EndGlobalSection
	GlobalSection(SolutionProperties) = preSolution
		HideSolutionNode = FALSE
	EndGlobalSection
	GlobalSection(ExtensibilityGlobals) = postSolution
		SolutionGuid = {39B0AA0C-6EC1-4EE8-956F-20418839155F}
	EndGlobalSection
EndGlobal
